// !$*UTF8*$!
{
	archiveVersion = 1;
	classes = {
	};
	objectVersion = 46;
	objects = {

/* Begin PBXBuildFile section */
		AE04A5911CCAABB1001CA6E7 /* AppDelegate.swift in Sources */ = {isa = PBXBuildFile; fileRef = AE04A5901CCAABB1001CA6E7 /* AppDelegate.swift */; };
		AE04A5931CCAABB1001CA6E7 /* ViewController.swift in Sources */ = {isa = PBXBuildFile; fileRef = AE04A5921CCAABB1001CA6E7 /* ViewController.swift */; };
		AE04A5961CCAABB1001CA6E7 /* Main.storyboard in Resources */ = {isa = PBXBuildFile; fileRef = AE04A5941CCAABB1001CA6E7 /* Main.storyboard */; };
		AE04A5991CCAABB1001CA6E7 /* recipez_learning.xcdatamodeld in Sources */ = {isa = PBXBuildFile; fileRef = AE04A5971CCAABB1001CA6E7 /* recipez_learning.xcdatamodeld */; };
		AE04A59B1CCAABB1001CA6E7 /* Assets.xcassets in Resources */ = {isa = PBXBuildFile; fileRef = AE04A59A1CCAABB1001CA6E7 /* Assets.xcassets */; };
		AE04A59E1CCAABB1001CA6E7 /* LaunchScreen.storyboard in Resources */ = {isa = PBXBuildFile; fileRef = AE04A59C1CCAABB1001CA6E7 /* LaunchScreen.storyboard */; };
		AEDBAC311CD8F4AA007A234F /* Recipe+CoreDataProperties.swift in Sources */ = {isa = PBXBuildFile; fileRef = AEDBAC2F1CD8F4AA007A234F /* Recipe+CoreDataProperties.swift */; };
		AEDBAC321CD8F4AA007A234F /* Recipe.swift in Sources */ = {isa = PBXBuildFile; fileRef = AEDBAC301CD8F4AA007A234F /* Recipe.swift */; };
		AEDBAC341CD8F754007A234F /* RecipeCell.swift in Sources */ = {isa = PBXBuildFile; fileRef = AEDBAC331CD8F754007A234F /* RecipeCell.swift */; };
		AEDBAC361CD90006007A234F /* CreateRecipeVC.swift in Sources */ = {isa = PBXBuildFile; fileRef = AEDBAC351CD90006007A234F /* CreateRecipeVC.swift */; };
/* End PBXBuildFile section */

/* Begin PBXFileReference section */
		AE04A58D1CCAABB1001CA6E7 /* recipez-learning.app */ = {isa = PBXFileReference; explicitFileType = wrapper.application; includeInIndex = 0; path = "recipez-learning.app"; sourceTree = BUILT_PRODUCTS_DIR; };
		AE04A5901CCAABB1001CA6E7 /* AppDelegate.swift */ = {isa = PBXFileReference; lastKnownFileType = sourcecode.swift; path = AppDelegate.swift; sourceTree = "<group>"; };
		AE04A5921CCAABB1001CA6E7 /* ViewController.swift */ = {isa = PBXFileReference; lastKnownFileType = sourcecode.swift; path = ViewController.swift; sourceTree = "<group>"; };
		AE04A5951CCAABB1001CA6E7 /* Base */ = {isa = PBXFileReference; lastKnownFileType = file.storyboard; name = Base; path = Base.lproj/Main.storyboard; sourceTree = "<group>"; };
		AE04A5981CCAABB1001CA6E7 /* recipez_learning.xcdatamodel */ = {isa = PBXFileReference; lastKnownFileType = wrapper.xcdatamodel; path = recipez_learning.xcdatamodel; sourceTree = "<group>"; };
		AE04A59A1CCAABB1001CA6E7 /* Assets.xcassets */ = {isa = PBXFileReference; lastKnownFileType = folder.assetcatalog; path = Assets.xcassets; sourceTree = "<group>"; };
		AE04A59D1CCAABB1001CA6E7 /* Base */ = {isa = PBXFileReference; lastKnownFileType = file.storyboard; name = Base; path = Base.lproj/LaunchScreen.storyboard; sourceTree = "<group>"; };
		AE04A59F1CCAABB1001CA6E7 /* Info.plist */ = {isa = PBXFileReference; lastKnownFileType = text.plist.xml; path = Info.plist; sourceTree = "<group>"; };
		AEDBAC2F1CD8F4AA007A234F /* Recipe+CoreDataProperties.swift */ = {isa = PBXFileReference; fileEncoding = 4; lastKnownFileType = sourcecode.swift; name = "Recipe+CoreDataProperties.swift"; path = "../Recipe+CoreDataProperties.swift"; sourceTree = "<group>"; };
		AEDBAC301CD8F4AA007A234F /* Recipe.swift */ = {isa = PBXFileReference; fileEncoding = 4; lastKnownFileType = sourcecode.swift; name = Recipe.swift; path = ../Recipe.swift; sourceTree = "<group>"; };
		AEDBAC331CD8F754007A234F /* RecipeCell.swift */ = {isa = PBXFileReference; fileEncoding = 4; lastKnownFileType = sourcecode.swift; path = RecipeCell.swift; sourceTree = "<group>"; };
		AEDBAC351CD90006007A234F /* CreateRecipeVC.swift */ = {isa = PBXFileReference; fileEncoding = 4; lastKnownFileType = sourcecode.swift; path = CreateRecipeVC.swift; sourceTree = "<group>"; };
/* End PBXFileReference section */

/* Begin PBXFrameworksBuildPhase section */
		AE04A58A1CCAABB1001CA6E7 /* Frameworks */ = {
			isa = PBXFrameworksBuildPhase;
			buildActionMask = 2147483647;
			files = (
			);
			runOnlyForDeploymentPostprocessing = 0;
		};
/* End PBXFrameworksBuildPhase section */

/* Begin PBXGroup section */
		AE04A5841CCAABB1001CA6E7 = {
			isa = PBXGroup;
			children = (
				AE04A58F1CCAABB1001CA6E7 /* recipez-learning */,
				AE04A58E1CCAABB1001CA6E7 /* Products */,
			);
			sourceTree = "<group>";
		};
		AE04A58E1CCAABB1001CA6E7 /* Products */ = {
			isa = PBXGroup;
			children = (
				AE04A58D1CCAABB1001CA6E7 /* recipez-learning.app */,
			);
			name = Products;
			sourceTree = "<group>";
		};
		AE04A58F1CCAABB1001CA6E7 /* recipez-learning */ = {
			isa = PBXGroup;
			children = (
				AEDBAC2E1CD8F46A007A234F /* Controller */,
				AEDBAC2D1CD8F466007A234F /* View */,
				AEDBAC2C1CD8F462007A234F /* Model */,
				AE04A5901CCAABB1001CA6E7 /* AppDelegate.swift */,
				AE04A5941CCAABB1001CA6E7 /* Main.storyboard */,
				AE04A59A1CCAABB1001CA6E7 /* Assets.xcassets */,
				AE04A59C1CCAABB1001CA6E7 /* LaunchScreen.storyboard */,
				AE04A59F1CCAABB1001CA6E7 /* Info.plist */,
				AE04A5971CCAABB1001CA6E7 /* recipez_learning.xcdatamodeld */,
			);
			path = "recipez-learning";
			sourceTree = "<group>";
		};
		AEDBAC2C1CD8F462007A234F /* Model */ = {
			isa = PBXGroup;
			children = (
				AEDBAC2F1CD8F4AA007A234F /* Recipe+CoreDataProperties.swift */,
				AEDBAC301CD8F4AA007A234F /* Recipe.swift */,
			);
			name = Model;
			sourceTree = "<group>";
		};
		AEDBAC2D1CD8F466007A234F /* View */ = {
			isa = PBXGroup;
			children = (
				AEDBAC331CD8F754007A234F /* RecipeCell.swift */,
			);
			name = View;
			sourceTree = "<group>";
		};
		AEDBAC2E1CD8F46A007A234F /* Controller */ = {
			isa = PBXGroup;
			children = (
				AE04A5921CCAABB1001CA6E7 /* ViewController.swift */,
				AEDBAC351CD90006007A234F /* CreateRecipeVC.swift */,
			);
			name = Controller;
			sourceTree = "<group>";
		};
/* End PBXGroup section */

/* Begin PBXNativeTarget section */
		AE04A58C1CCAABB1001CA6E7 /* recipez-learning */ = {
			isa = PBXNativeTarget;
			buildConfigurationList = AE04A5A21CCAABB1001CA6E7 /* Build configuration list for PBXNativeTarget "recipez-learning" */;
			buildPhases = (
				AE04A5891CCAABB1001CA6E7 /* Sources */,
				AE04A58A1CCAABB1001CA6E7 /* Frameworks */,
				AE04A58B1CCAABB1001CA6E7 /* Resources */,
			);
			buildRules = (
			);
			dependencies = (
			);
			name = "recipez-learning";
			productName = "recipez-learning";
			productReference = AE04A58D1CCAABB1001CA6E7 /* recipez-learning.app */;
			productType = "com.apple.product-type.application";
		};
/* End PBXNativeTarget section */

/* Begin PBXProject section */
		AE04A5851CCAABB1001CA6E7 /* Project object */ = {
			isa = PBXProject;
			attributes = {
				LastSwiftUpdateCheck = 0730;
				LastUpgradeCheck = 0730;
				ORGANIZATIONNAME = dignmg;
				TargetAttributes = {
					AE04A58C1CCAABB1001CA6E7 = {
						CreatedOnToolsVersion = 7.3;
					};
				};
			};
			buildConfigurationList = AE04A5881CCAABB1001CA6E7 /* Build configuration list for PBXProject "recipez-learning" */;
			compatibilityVersion = "Xcode 3.2";
			developmentRegion = English;
			hasScannedForEncodings = 0;
			knownRegions = (
				en,
				Base,
			);
			mainGroup = AE04A5841CCAABB1001CA6E7;
			productRefGroup = AE04A58E1CCAABB1001CA6E7 /* Products */;
			projectDirPath = "";
			projectRoot = "";
			targets = (
				AE04A58C1CCAABB1001CA6E7 /* recipez-learning */,
			);
		};
/* End PBXProject section */

/* Begin PBXResourcesBuildPhase section */
		AE04A58B1CCAABB1001CA6E7 /* Resources */ = {
			isa = PBXResourcesBuildPhase;
			buildActionMask = 2147483647;
			files = (
				AE04A59E1CCAABB1001CA6E7 /* LaunchScreen.storyboard in Resources */,
				AE04A59B1CCAABB1001CA6E7 /* Assets.xcassets in Resources */,
				AE04A5961CCAABB1001CA6E7 /* Main.storyboard in Resources */,
			);
			runOnlyForDeploymentPostprocessing = 0;
		};
/* End PBXResourcesBuildPhase section */

/* Begin PBXSourcesBuildPhase section */
		AE04A5891CCAABB1001CA6E7 /* Sources */ = {
			isa = PBXSourcesBuildPhase;
			buildActionMask = 2147483647;
			files = (
				AE04A5931CCAABB1001CA6E7 /* ViewController.swift in Sources */,
				AEDBAC311CD8F4AA007A234F /* Recipe+CoreDataProperties.swift in Sources */,
				AE04A5911CCAABB1001CA6E7 /* AppDelegate.swift in Sources */,
				AEDBAC341CD8F754007A234F /* RecipeCell.swift in Sources */,
				AEDBAC361CD90006007A234F /* CreateRecipeVC.swift in Sources */,
				AE04A5991CCAABB1001CA6E7 /* recipez_learning.xcdatamodeld in Sources */,
				AEDBAC321CD8F4AA007A234F /* Recipe.swift in Sources */,
			);
			runOnlyForDeploymentPostprocessing = 0;
		};
/* End PBXSourcesBuildPhase section */

/* Begin PBXVariantGroup section */
		AE04A5941CCAABB1001CA6E7 /* Main.storyboard */ = {
			isa = PBXVariantGroup;
			children = (
				AE04A5951CCAABB1001CA6E7 /* Base */,
			);
			name = Main.storyboard;
			sourceTree = "<group>";
		};
		AE04A59C1CCAABB1001CA6E7 /* LaunchScreen.storyboard */ = {
			isa = PBXVariantGroup;
			children = (
				AE04A59D1CCAABB1001CA6E7 /* Base */,
			);
			name = LaunchScreen.storyboard;
			sourceTree = "<group>";
		};
/* End PBXVariantGroup section */

/* Begin XCBuildConfiguration section */
		AE04A5A01CCAABB1001CA6E7 /* Debug */ = {
			isa = XCBuildConfiguration;
			buildSettings = {
				ALWAYS_SEARCH_USER_PATHS = NO;
				CLANG_ANALYZER_NONNULL = YES;
				CLANG_CXX_LANGUAGE_STANDARD = "gnu++0x";
				CLANG_CXX_LIBRARY = "libc++";
				CLANG_ENABLE_MODULES = YES;
				CLANG_ENABLE_OBJC_ARC = YES;
				CLANG_WARN_BOOL_CONVERSION = YES;
				CLANG_WARN_CONSTANT_CONVERSION = YES;
				CLANG_WARN_DIRECT_OBJC_ISA_USAGE = YES_ERROR;
				CLANG_WARN_EMPTY_BODY = YES;
				CLANG_WARN_ENUM_CONVERSION = YES;
				CLANG_WARN_INT_CONVERSION = YES;
				CLANG_WARN_OBJC_ROOT_CLASS = YES_ERROR;
				CLANG_WARN_UNREACHABLE_CODE = YES;
				CLANG_WARN__DUPLICATE_METHOD_MATCH = YES;
				"CODE_SIGN_IDENTITY[sdk=iphoneos*]" = "iPhone Developer";
				COPY_PHASE_STRIP = NO;
				DEBUG_INFORMATION_FORMAT = dwarf;
				ENABLE_STRICT_OBJC_MSGSEND = YES;
				ENABLE_TESTABILITY = YES;
				GCC_C_LANGUAGE_STANDARD = gnu99;
				GCC_DYNAMIC_NO_PIC = NO;
				GCC_NO_COMMON_BLOCKS = YES;
				GCC_OPTIMIZATION_LEVEL = 0;
				GCC_PREPROCESSOR_DEFINITIONS = (
					"DEBUG=1",
					"$(inherited)",
				);
				GCC_WARN_64_TO_32_BIT_CONVERSION = YES;
				GCC_WARN_ABOUT_RETURN_TYPE = YES_ERROR;
				GCC_WARN_UNDECLARED_SELECTOR = YES;
				GCC_WARN_UNINITIALIZED_AUTOS = YES_AGGRESSIVE;
				GCC_WARN_UNUSED_FUNCTION = YES;
				GCC_WARN_UNUSED_VARIABLE = YES;
				IPHONEOS_DEPLOYMENT_TARGET = 9.3;
				MTL_ENABLE_DEBUG_INFO = YES;
				ONLY_ACTIVE_ARCH = YES;
				SDKROOT = iphoneos;
				SWIFT_OPTIMIZATION_LEVEL = "-Onone";
				TARGETED_DEVICE_FAMILY = "1,2";
			};
			name = Debug;
		};
		AE04A5A11CCAABB1001CA6E7 /* Release */ = {
			isa = XCBuildConfiguration;
			buildSettings = {
				ALWAYS_SEARCH_USER_PATHS = NO;
				CLANG_ANALYZER_NONNULL = YES;
				CLANG_CXX_LANGUAGE_STANDARD = "gnu++0x";
				CLANG_CXX_LIBRARY = "libc++";
				CLANG_ENABLE_MODULES = YES;
				CLANG_ENABLE_OBJC_ARC = YES;
				CLANG_WARN_BOOL_CONVERSION = YES;
				CLANG_WARN_CONSTANT_CONVERSION = YES;
				CLANG_WARN_DIRECT_OBJC_ISA_USAGE = YES_ERROR;
				CLANG_WARN_EMPTY_BODY = YES;
				CLANG_WARN_ENUM_CONVERSION = YES;
				CLANG_WARN_INT_CONVERSION = YES;
				CLANG_WARN_OBJC_ROOT_CLASS = YES_ERROR;
				CLANG_WARN_UNREACHABLE_CODE = YES;
				CLANG_WARN__DUPLICATE_METHOD_MATCH = YES;
				"CODE_SIGN_IDENTITY[sdk=iphoneos*]" = "iPhone Developer";
				COPY_PHASE_STRIP = NO;
				DEBUG_INFORMATION_FORMAT = "dwarf-with-dsym";
				ENABLE_NS_ASSERTIONS = NO;
				ENABLE_STRICT_OBJC_MSGSEND = YES;
				GCC_C_LANGUAGE_STANDARD = gnu99;
				GCC_NO_COMMON_BLOCKS = YES;
				GCC_WARN_64_TO_32_BIT_CONVERSION = YES;
				GCC_WARN_ABOUT_RETURN_TYPE = YES_ERROR;
				GCC_WARN_UNDECLARED_SELECTOR = YES;
				GCC_WARN_UNINITIALIZED_AUTOS = YES_AGGRESSIVE;
				GCC_WARN_UNUSED_FUNCTION = YES;
				GCC_WARN_UNUSED_VARIABLE = YES;
				IPHONEOS_DEPLOYMENT_TARGET = 9.3;
				MTL_ENABLE_DEBUG_INFO = NO;
				SDKROOT = iphoneos;
				TARGETED_DEVICE_FAMILY = "1,2";
				VALIDATE_PRODUCT = YES;
			};
			name = Release;
		};
		AE04A5A31CCAABB1001CA6E7 /* Debug */ = {
			isa = XCBuildConfiguration;
			buildSettings = {
				ASSETCATALOG_COMPILER_APPICON_NAME = AppIcon;
				INFOPLIST_FILE = "recipez-learning/Info.plist";
				LD_RUNPATH_SEARCH_PATHS = "$(inherited) @executable_path/Frameworks";
				PRODUCT_BUNDLE_IDENTIFIER = "com.dignmg.recipez-learning";
				PRODUCT_NAME = "$(TARGET_NAME)";
			};
			name = Debug;
		};
		AE04A5A41CCAABB1001CA6E7 /* Release */ = {
			isa = XCBuildConfiguration;
			buildSettings = {
				ASSETCATALOG_COMPILER_APPICON_NAME = AppIcon;
				INFOPLIST_FILE = "recipez-learning/Info.plist";
				LD_RUNPATH_SEARCH_PATHS = "$(inherited) @executable_path/Frameworks";
				PRODUCT_BUNDLE_IDENTIFIER = "com.dignmg.recipez-learning";
				PRODUCT_NAME = "$(TARGET_NAME)";
			};
			name = Release;
		};
/* End XCBuildConfiguration section */

/* Begin XCConfigurationList section */
		AE04A5881CCAABB1001CA6E7 /* Build configuration list for PBXProject "recipez-learning" */ = {
			isa = XCConfigurationList;
			buildConfigurations = (
				AE04A5A01CCAABB1001CA6E7 /* Debug */,
				AE04A5A11CCAABB1001CA6E7 /* Release */,
			);
			defaultConfigurationIsVisible = 0;
			defaultConfigurationName = Release;
		};
		AE04A5A21CCAABB1001CA6E7 /* Build configuration list for PBXNativeTarget "recipez-learning" */ = {
			isa = XCConfigurationList;
			buildConfigurations = (
				AE04A5A31CCAABB1001CA6E7 /* Debug */,
				AE04A5A41CCAABB1001CA6E7 /* Release */,
			);
			defaultConfigurationIsVisible = 0;
			defaultConfigurationName = Release;
		};
/* End XCConfigurationList section */

/* Begin XCVersionGroup section */
		AE04A5971CCAABB1001CA6E7 /* recipez_learning.xcdatamodeld */ = {
			isa = XCVersionGroup;
			children = (
				AE04A5981CCAABB1001CA6E7 /* recipez_learning.xcdatamodel */,
			);
			currentVersion = AE04A5981CCAABB1001CA6E7 /* recipez_learning.xcdatamodel */;
			path = recipez_learning.xcdatamodeld;
			sourceTree = "<group>";
			versionGroupType = wrapper.xcdatamodel;
		};
/* End XCVersionGroup section */
	};
	rootObject = AE04A5851CCAABB1001CA6E7 /* Project object */;
}
